
Microsoft Visual Studio Solution File, Format Version 12.00
# Visual Studio 14
VisualStudioVersion = 14.0.25420.1
MinimumVisualStudioVersion = 10.0.40219.1
Project("{FAE04EC0-301F-11D3-BF4B-00C04F79EFBC}") = "Ulatina.PrograAvanzada-BLAplicacionWeb", "Ulatina.PrograAvanzada-BLAplicacionWeb\Ulatina.PrograAvanzada-BLAplicacionWeb.csproj", "{9FFAC39C-5D15-4F27-B094-116DAA871358}"
EndProject
Project("{FAE04EC0-301F-11D3-BF4B-00C04F79EFBC}") = "WebApplication1", "WebApplication1\WebApplication1.csproj", "{4893690A-583B-4D55-A631-D4D51C677069}"
EndProject
Global
	GlobalSection(SolutionConfigurationPlatforms) = preSolution
		Debug|Any CPU = Debug|Any CPU
		Release|Any CPU = Release|Any CPU
	EndGlobalSection
	GlobalSection(ProjectConfigurationPlatforms) = postSolution
		{9FFAC39C-5D15-4F27-B094-116DAA871358}.Debug|Any CPU.ActiveCfg = Debug|Any CPU
		{9FFAC39C-5D15-4F27-B094-116DAA871358}.Debug|Any CPU.Build.0 = Debug|Any CPU
		{9FFAC39C-5D15-4F27-B094-116DAA871358}.Release|Any CPU.ActiveCfg = Release|Any CPU
		{9FFAC39C-5D15-4F27-B094-116DAA871358}.Release|Any CPU.Build.0 = Release|Any CPU
		{4893690A-583B-4D55-A631-D4D51C677069}.Debug|Any CPU.ActiveCfg = Debug|Any CPU
		{4893690A-583B-4D55-A631-D4D51C677069}.Debug|Any CPU.Build.0 = Debug|Any CPU
		{4893690A-583B-4D55-A631-D4D51C677069}.Release|Any CPU.ActiveCfg = Release|Any CPU
		{4893690A-583B-4D55-A631-D4D51C677069}.Release|Any CPU.Build.0 = Release|Any CPU
	EndGlobalSection
	GlobalSection(SolutionProperties) = preSolution
		HideSolutionNode = FALSE
	EndGlobalSection
EndGlobal
