
Microsoft Visual Studio Solution File, Format Version 12.00
# Visual Studio 14
VisualStudioVersion = 14.0.25420.1
MinimumVisualStudioVersion = 10.0.40219.1
Project("{FAE04EC0-301F-11D3-BF4B-00C04F79EFBC}") = "Ulatina.PrograAvanzada.Calentamiento", "Ulatina.PrograAvanzada.Calentamiento\Ulatina.PrograAvanzada.Calentamiento.csproj", "{D0E5F665-88E4-4251-AE6B-B7E4BBB2A3C2}"
EndProject
Project("{FAE04EC0-301F-11D3-BF4B-00C04F79EFBC}") = "Ulatina.PrograAvanzada.HelloWorld", "Ulatina.PrograAvanzada.HelloWorld\Ulatina.PrograAvanzada.HelloWorld.csproj", "{726F50B5-5C46-44AD-98C0-13C551E814EA}"
EndProject
Global
	GlobalSection(SolutionConfigurationPlatforms) = preSolution
		Debug|Any CPU = Debug|Any CPU
		Release|Any CPU = Release|Any CPU
	EndGlobalSection
	GlobalSection(ProjectConfigurationPlatforms) = postSolution
		{D0E5F665-88E4-4251-AE6B-B7E4BBB2A3C2}.Debug|Any CPU.ActiveCfg = Debug|Any CPU
		{D0E5F665-88E4-4251-AE6B-B7E4BBB2A3C2}.Debug|Any CPU.Build.0 = Debug|Any CPU
		{D0E5F665-88E4-4251-AE6B-B7E4BBB2A3C2}.Release|Any CPU.ActiveCfg = Release|Any CPU
		{D0E5F665-88E4-4251-AE6B-B7E4BBB2A3C2}.Release|Any CPU.Build.0 = Release|Any CPU
		{726F50B5-5C46-44AD-98C0-13C551E814EA}.Debug|Any CPU.ActiveCfg = Debug|Any CPU
		{726F50B5-5C46-44AD-98C0-13C551E814EA}.Debug|Any CPU.Build.0 = Debug|Any CPU
		{726F50B5-5C46-44AD-98C0-13C551E814EA}.Release|Any CPU.ActiveCfg = Release|Any CPU
		{726F50B5-5C46-44AD-98C0-13C551E814EA}.Release|Any CPU.Build.0 = Release|Any CPU
	EndGlobalSection
	GlobalSection(SolutionProperties) = preSolution
		HideSolutionNode = FALSE
	EndGlobalSection
EndGlobal
